# THIS IS AN AUTOGENERATED FILE. DO NOT EDIT THIS FILE DIRECTLY.
# yarn lockfile v1


isomorphic.js@^0.2.4:
  version "0.2.4"
  resolved "https://registry.yarnpkg.com/isomorphic.js/-/isomorphic.js-0.2.4.tgz#24ca374163ae54a7ce3b86ce63b701b91aa84969"
  integrity sha512-Y4NjZceAwaPXctwsHgNsmfuPxR8lJ3f8X7QTAkhltrX4oGIv+eTlgHLXn4tWysC9zGTi929gapnPp+8F8cg7nA==

lib0@^0.2.86:
  version "0.2.88"
  resolved "https://registry.yarnpkg.com/lib0/-/lib0-0.2.88.tgz#18618e0c3b63f6260255eb760f9247d9cc6c6a5b"
  integrity sha512-KyroiEvCeZcZEMx5Ys+b4u4eEBbA1ch7XUaBhYpwa/nPMrzTjUhI4RfcytmQfYoTBPcdyx+FX6WFNIoNuJzJfQ==
  dependencies:
    isomorphic.js "^0.2.4"

yjs@^13.6.10:
  version "13.6.10"
  resolved "https://registry.yarnpkg.com/yjs/-/yjs-13.6.10.tgz#bea33b2e73944d54bc6849db2042b9696b95e717"
  integrity sha512-1JcyQek1vaMyrDm7Fqfa+pvHg/DURSbVo4VmeN7wjnTKB/lZrfIPhdCj7d8sboK6zLfRBJXegTjc9JlaDd8/Zw==
  dependencies:
    lib0 "^0.2.86"
